schema: '2.0'
stages:
  preprocess:
    cmd: python src/preprocess.py
    deps:
    - path: data/raw/creditcard.csv
      hash: md5
      md5: e90efcb83d69faf99fcab8b0255024de
      size: 150828752
    - path: src/preprocess.py
      hash: md5
      md5: 59ae2da952101a2a213a1a37bc793ac2
      size: 1813
    params:
      params.yaml:
        data.processed_dir: data/processed
        data.random_state: 42
        data.raw_path: data/raw/creditcard.csv
        data.target: Class
        data.test_size: 0.2
    outs:
    - path: data/processed
      hash: md5
      md5: 60fcfca6f01189018571155b730c9823.dir
      size: 170163744
      nfiles: 4
    - path: models/scaler.pkl
      hash: md5
      md5: 9187e8e3db1a195a4be88950321f8d46
      size: 1751
  train:
    cmd: python src/train.py
    deps:
    - path: data/processed
      hash: md5
      md5: 60fcfca6f01189018571155b730c9823.dir
      size: 170163744
      nfiles: 4
    - path: src/train.py
      hash: md5
      md5: ff5245d46cc9007ca3859452723c0984
      size: 2071
    params:
      params.yaml:
        data.random_state: 42
        mlflow.experiment_name: fraud-detection
        mlflow.tracking_uri: http://13.36.24.137:5000
        model.colsample_bytree: 0.8
        model.learning_rate: 0.1
        model.max_depth: 6
        model.n_estimators: 200
        model.subsample: 0.8
    outs:
    - path: models/model.pkl
      hash: md5
      md5: c818f66a93e76dc0ded46aa1baa27d74
      size: 535613
    - path: models/run_id.txt
      hash: md5
      md5: d95e715c1ef62f3a1c6f9f68e53c925d
      size: 32
  evaluate:
    cmd: python src/evaluate.py
    deps:
    - path: data/processed
      hash: md5
      md5: 60fcfca6f01189018571155b730c9823.dir
      size: 170163744
      nfiles: 4
    - path: models/model.pkl
      hash: md5
      md5: c818f66a93e76dc0ded46aa1baa27d74
      size: 535613
    - path: models/run_id.txt
      hash: md5
      md5: d95e715c1ef62f3a1c6f9f68e53c925d
      size: 32
    - path: src/evaluate.py
      hash: md5
      md5: ef67b9ba4b09def96f836e1872ec75d0
      size: 1680
    params:
      params.yaml:
        mlflow.tracking_uri: http://13.36.24.137:5000
    outs:
    - path: models/metrics.json
      hash: md5
      md5: dc42eee2b01a111fa00832510500bffd
      size: 285
  register:
    cmd: python src/register.py
    deps:
    - path: models/metrics.json
      hash: md5
      md5: dc42eee2b01a111fa00832510500bffd
      size: 285
    - path: models/run_id.txt
      hash: md5
      md5: d95e715c1ef62f3a1c6f9f68e53c925d
      size: 32
    - path: src/register.py
      hash: md5
      md5: d66c83dc8c0c7adcc44b78e38d9d45b5
      size: 1886
    params:
      params.yaml:
        mlflow.registered_model_name: fraud-detection-model
        mlflow.tracking_uri: http://13.36.24.137:5000
        thresholds.auc_pr_min: 0.75
